// !$*UTF8*$!
{
	archiveVersion = 1;
	classes = {
	};
	objectVersion = 48;
	objects = {

/* Begin PBXBuildFile section */
		632DDD101FBE166C00FC0042 /* BluetoothLeService.swift in Sources */ = {isa = PBXBuildFile; fileRef = 632DDD0F1FBE166C00FC0042 /* BluetoothLeService.swift */; };
		6357CE1C1FB5B1E0007E64D5 /* AppDelegate.swift in Sources */ = {isa = PBXBuildFile; fileRef = 6357CE1B1FB5B1E0007E64D5 /* AppDelegate.swift */; };
		6357CE1E1FB5B1E0007E64D5 /* ViewController.swift in Sources */ = {isa = PBXBuildFile; fileRef = 6357CE1D1FB5B1E0007E64D5 /* ViewController.swift */; };
		6357CE211FB5B1E0007E64D5 /* Main.storyboard in Resources */ = {isa = PBXBuildFile; fileRef = 6357CE1F1FB5B1E0007E64D5 /* Main.storyboard */; };
		6357CE231FB5B1E0007E64D5 /* Assets.xcassets in Resources */ = {isa = PBXBuildFile; fileRef = 6357CE221FB5B1E0007E64D5 /* Assets.xcassets */; };
		6357CE261FB5B1E0007E64D5 /* LaunchScreen.storyboard in Resources */ = {isa = PBXBuildFile; fileRef = 6357CE241FB5B1E0007E64D5 /* LaunchScreen.storyboard */; };
		637238231FBB63390033A3AB /* HomeViewController.swift in Sources */ = {isa = PBXBuildFile; fileRef = 637238221FBB63390033A3AB /* HomeViewController.swift */; };
		63CEFA351FBDA9A40031F8A8 /* Device.swift in Sources */ = {isa = PBXBuildFile; fileRef = 63CEFA341FBDA9A40031F8A8 /* Device.swift */; };
/* End PBXBuildFile section */

/* Begin PBXFileReference section */
		632DDD0F1FBE166C00FC0042 /* BluetoothLeService.swift */ = {isa = PBXFileReference; lastKnownFileType = sourcecode.swift; path = BluetoothLeService.swift; sourceTree = "<group>"; };
		6357CE181FB5B1E0007E64D5 /* Connect.app */ = {isa = PBXFileReference; explicitFileType = wrapper.application; includeInIndex = 0; path = Connect.app; sourceTree = BUILT_PRODUCTS_DIR; };
		6357CE1B1FB5B1E0007E64D5 /* AppDelegate.swift */ = {isa = PBXFileReference; lastKnownFileType = sourcecode.swift; path = AppDelegate.swift; sourceTree = "<group>"; };
		6357CE1D1FB5B1E0007E64D5 /* ViewController.swift */ = {isa = PBXFileReference; lastKnownFileType = sourcecode.swift; path = ViewController.swift; sourceTree = "<group>"; };
		6357CE201FB5B1E0007E64D5 /* Base */ = {isa = PBXFileReference; lastKnownFileType = file.storyboard; name = Base; path = Base.lproj/Main.storyboard; sourceTree = "<group>"; };
		6357CE221FB5B1E0007E64D5 /* Assets.xcassets */ = {isa = PBXFileReference; lastKnownFileType = folder.assetcatalog; path = Assets.xcassets; sourceTree = "<group>"; };
		6357CE251FB5B1E0007E64D5 /* Base */ = {isa = PBXFileReference; lastKnownFileType = file.storyboard; name = Base; path = Base.lproj/LaunchScreen.storyboard; sourceTree = "<group>"; };
		6357CE271FB5B1E0007E64D5 /* Info.plist */ = {isa = PBXFileReference; lastKnownFileType = text.plist.xml; path = Info.plist; sourceTree = "<group>"; };
		637238221FBB63390033A3AB /* HomeViewController.swift */ = {isa = PBXFileReference; lastKnownFileType = sourcecode.swift; path = HomeViewController.swift; sourceTree = "<group>"; };
		63CEFA341FBDA9A40031F8A8 /* Device.swift */ = {isa = PBXFileReference; lastKnownFileType = sourcecode.swift; path = Device.swift; sourceTree = "<group>"; };
/* End PBXFileReference section */

/* Begin PBXFrameworksBuildPhase section */
		6357CE151FB5B1E0007E64D5 /* Frameworks */ = {
			isa = PBXFrameworksBuildPhase;
			buildActionMask = 2147483647;
			files = (
			);
			runOnlyForDeploymentPostprocessing = 0;
		};
/* End PBXFrameworksBuildPhase section */

/* Begin PBXGroup section */
		632DDD0E1FBE158E00FC0042 /* BluetoothLeService-Modbus */ = {
			isa = PBXGroup;
			children = (
				632DDD0F1FBE166C00FC0042 /* BluetoothLeService.swift */,
			);
			path = "BluetoothLeService-Modbus";
			sourceTree = "<group>";
		};
		6357CE0F1FB5B1E0007E64D5 = {
			isa = PBXGroup;
			children = (
				6357CE1A1FB5B1E0007E64D5 /* Connect */,
				637238201FBB61910033A3AB /* Frameworks */,
				637238211FBB61B20033A3AB /* Resources */,
				6357CE191FB5B1E0007E64D5 /* Products */,
			);
			sourceTree = "<group>";
		};
		6357CE191FB5B1E0007E64D5 /* Products */ = {
			isa = PBXGroup;
			children = (
				6357CE181FB5B1E0007E64D5 /* Connect.app */,
			);
			name = Products;
			sourceTree = "<group>";
		};
		6357CE1A1FB5B1E0007E64D5 /* Connect */ = {
			isa = PBXGroup;
			children = (
				6357CE1B1FB5B1E0007E64D5 /* AppDelegate.swift */,
				6372381E1FBB61640033A3AB /* Controllers */,
				63CEFA331FBDA95D0031F8A8 /* Models */,
				632DDD0E1FBE158E00FC0042 /* BluetoothLeService-Modbus */,
				6372381F1FBB61840033A3AB /* Storyboards */,
			);
			path = Connect;
			sourceTree = "<group>";
		};
		6372381E1FBB61640033A3AB /* Controllers */ = {
			isa = PBXGroup;
			children = (
				6357CE1D1FB5B1E0007E64D5 /* ViewController.swift */,
				637238221FBB63390033A3AB /* HomeViewController.swift */,
			);
			path = Controllers;
			sourceTree = "<group>";
		};
		6372381F1FBB61840033A3AB /* Storyboards */ = {
			isa = PBXGroup;
			children = (
				6357CE1F1FB5B1E0007E64D5 /* Main.storyboard */,
				6357CE241FB5B1E0007E64D5 /* LaunchScreen.storyboard */,
			);
			path = Storyboards;
			sourceTree = "<group>";
		};
		637238201FBB61910033A3AB /* Frameworks */ = {
			isa = PBXGroup;
			children = (
			);
			path = Frameworks;
			sourceTree = "<group>";
		};
		637238211FBB61B20033A3AB /* Resources */ = {
			isa = PBXGroup;
			children = (
				6357CE221FB5B1E0007E64D5 /* Assets.xcassets */,
				6357CE271FB5B1E0007E64D5 /* Info.plist */,
			);
			path = Resources;
			sourceTree = "<group>";
		};
		63CEFA331FBDA95D0031F8A8 /* Models */ = {
			isa = PBXGroup;
			children = (
				63CEFA341FBDA9A40031F8A8 /* Device.swift */,
			);
			path = Models;
			sourceTree = "<group>";
		};
/* End PBXGroup section */

/* Begin PBXNativeTarget section */
		6357CE171FB5B1E0007E64D5 /* Connect */ = {
			isa = PBXNativeTarget;
			buildConfigurationList = 6357CE2A1FB5B1E0007E64D5 /* Build configuration list for PBXNativeTarget "Connect" */;
			buildPhases = (
				6357CE141FB5B1E0007E64D5 /* Sources */,
				6357CE151FB5B1E0007E64D5 /* Frameworks */,
				6357CE161FB5B1E0007E64D5 /* Resources */,
			);
			buildRules = (
			);
			dependencies = (
			);
			name = Connect;
			productName = Connect;
			productReference = 6357CE181FB5B1E0007E64D5 /* Connect.app */;
			productType = "com.apple.product-type.application";
		};
/* End PBXNativeTarget section */

/* Begin PBXProject section */
		6357CE101FB5B1E0007E64D5 /* Project object */ = {
			isa = PBXProject;
			attributes = {
				LastSwiftUpdateCheck = 0910;
				LastUpgradeCheck = 0910;
				ORGANIZATIONNAME = "Rafael Goncalves";
				TargetAttributes = {
					6357CE171FB5B1E0007E64D5 = {
						CreatedOnToolsVersion = 9.1;
						ProvisioningStyle = Automatic;
					};
				};
			};
			buildConfigurationList = 6357CE131FB5B1E0007E64D5 /* Build configuration list for PBXProject "Connect" */;
			compatibilityVersion = "Xcode 8.0";
			developmentRegion = en;
			hasScannedForEncodings = 0;
			knownRegions = (
				en,
				Base,
			);
			mainGroup = 6357CE0F1FB5B1E0007E64D5;
			productRefGroup = 6357CE191FB5B1E0007E64D5 /* Products */;
			projectDirPath = "";
			projectRoot = "";
			targets = (
				6357CE171FB5B1E0007E64D5 /* Connect */,
			);
		};
/* End PBXProject section */

/* Begin PBXResourcesBuildPhase section */
		6357CE161FB5B1E0007E64D5 /* Resources */ = {
			isa = PBXResourcesBuildPhase;
			buildActionMask = 2147483647;
			files = (
				6357CE261FB5B1E0007E64D5 /* LaunchScreen.storyboard in Resources */,
				6357CE231FB5B1E0007E64D5 /* Assets.xcassets in Resources */,
				6357CE211FB5B1E0007E64D5 /* Main.storyboard in Resources */,
			);
			runOnlyForDeploymentPostprocessing = 0;
		};
/* End PBXResourcesBuildPhase section */

/* Begin PBXSourcesBuildPhase section */
		6357CE141FB5B1E0007E64D5 /* Sources */ = {
			isa = PBXSourcesBuildPhase;
			buildActionMask = 2147483647;
			files = (
				6357CE1E1FB5B1E0007E64D5 /* ViewController.swift in Sources */,
				63CEFA351FBDA9A40031F8A8 /* Device.swift in Sources */,
				6357CE1C1FB5B1E0007E64D5 /* AppDelegate.swift in Sources */,
				632DDD101FBE166C00FC0042 /* BluetoothLeService.swift in Sources */,
				637238231FBB63390033A3AB /* HomeViewController.swift in Sources */,
			);
			runOnlyForDeploymentPostprocessing = 0;
		};
/* End PBXSourcesBuildPhase section */

/* Begin PBXVariantGroup section */
		6357CE1F1FB5B1E0007E64D5 /* Main.storyboard */ = {
			isa = PBXVariantGroup;
			children = (
				6357CE201FB5B1E0007E64D5 /* Base */,
			);
			name = Main.storyboard;
			sourceTree = "<group>";
		};
		6357CE241FB5B1E0007E64D5 /* LaunchScreen.storyboard */ = {
			isa = PBXVariantGroup;
			children = (
				6357CE251FB5B1E0007E64D5 /* Base */,
			);
			name = LaunchScreen.storyboard;
			sourceTree = "<group>";
		};
/* End PBXVariantGroup section */

/* Begin XCBuildConfiguration section */
		6357CE281FB5B1E0007E64D5 /* Debug */ = {
			isa = XCBuildConfiguration;
			buildSettings = {
				ALWAYS_SEARCH_USER_PATHS = NO;
				CLANG_ANALYZER_NONNULL = YES;
				CLANG_ANALYZER_NUMBER_OBJECT_CONVERSION = YES_AGGRESSIVE;
				CLANG_CXX_LANGUAGE_STANDARD = "gnu++14";
				CLANG_CXX_LIBRARY = "libc++";
				CLANG_ENABLE_MODULES = YES;
				CLANG_ENABLE_OBJC_ARC = YES;
				CLANG_WARN_BLOCK_CAPTURE_AUTORELEASING = YES;
				CLANG_WARN_BOOL_CONVERSION = YES;
				CLANG_WARN_COMMA = YES;
				CLANG_WARN_CONSTANT_CONVERSION = YES;
				CLANG_WARN_DIRECT_OBJC_ISA_USAGE = YES_ERROR;
				CLANG_WARN_DOCUMENTATION_COMMENTS = YES;
				CLANG_WARN_EMPTY_BODY = YES;
				CLANG_WARN_ENUM_CONVERSION = YES;
				CLANG_WARN_INFINITE_RECURSION = YES;
				CLANG_WARN_INT_CONVERSION = YES;
				CLANG_WARN_NON_LITERAL_NULL_CONVERSION = YES;
				CLANG_WARN_OBJC_LITERAL_CONVERSION = YES;
				CLANG_WARN_OBJC_ROOT_CLASS = YES_ERROR;
				CLANG_WARN_RANGE_LOOP_ANALYSIS = YES;
				CLANG_WARN_STRICT_PROTOTYPES = YES;
				CLANG_WARN_SUSPICIOUS_MOVE = YES;
				CLANG_WARN_UNGUARDED_AVAILABILITY = YES_AGGRESSIVE;
				CLANG_WARN_UNREACHABLE_CODE = YES;
				CLANG_WARN__DUPLICATE_METHOD_MATCH = YES;
				CODE_SIGN_IDENTITY = "iPhone Developer";
				COPY_PHASE_STRIP = NO;
				DEBUG_INFORMATION_FORMAT = dwarf;
				ENABLE_STRICT_OBJC_MSGSEND = YES;
				ENABLE_TESTABILITY = YES;
				GCC_C_LANGUAGE_STANDARD = gnu11;
				GCC_DYNAMIC_NO_PIC = NO;
				GCC_NO_COMMON_BLOCKS = YES;
				GCC_OPTIMIZATION_LEVEL = 0;
				GCC_PREPROCESSOR_DEFINITIONS = (
					"DEBUG=1",
					"$(inherited)",
				);
				GCC_WARN_64_TO_32_BIT_CONVERSION = YES;
				GCC_WARN_ABOUT_RETURN_TYPE = YES_ERROR;
				GCC_WARN_UNDECLARED_SELECTOR = YES;
				GCC_WARN_UNINITIALIZED_AUTOS = YES_AGGRESSIVE;
				GCC_WARN_UNUSED_FUNCTION = YES;
				GCC_WARN_UNUSED_VARIABLE = YES;
				IPHONEOS_DEPLOYMENT_TARGET = 11.1;
				MTL_ENABLE_DEBUG_INFO = YES;
				ONLY_ACTIVE_ARCH = YES;
				SDKROOT = iphoneos;
				SWIFT_ACTIVE_COMPILATION_CONDITIONS = DEBUG;
				SWIFT_OPTIMIZATION_LEVEL = "-Onone";
			};
			name = Debug;
		};
		6357CE291FB5B1E0007E64D5 /* Release */ = {
			isa = XCBuildConfiguration;
			buildSettings = {
				ALWAYS_SEARCH_USER_PATHS = NO;
				CLANG_ANALYZER_NONNULL = YES;
				CLANG_ANALYZER_NUMBER_OBJECT_CONVERSION = YES_AGGRESSIVE;
				CLANG_CXX_LANGUAGE_STANDARD = "gnu++14";
				CLANG_CXX_LIBRARY = "libc++";
				CLANG_ENABLE_MODULES = YES;
				CLANG_ENABLE_OBJC_ARC = YES;
				CLANG_WARN_BLOCK_CAPTURE_AUTORELEASING = YES;
				CLANG_WARN_BOOL_CONVERSION = YES;
				CLANG_WARN_COMMA = YES;
				CLANG_WARN_CONSTANT_CONVERSION = YES;
				CLANG_WARN_DIRECT_OBJC_ISA_USAGE = YES_ERROR;
				CLANG_WARN_DOCUMENTATION_COMMENTS = YES;
				CLANG_WARN_EMPTY_BODY = YES;
				CLANG_WARN_ENUM_CONVERSION = YES;
				CLANG_WARN_INFINITE_RECURSION = YES;
				CLANG_WARN_INT_CONVERSION = YES;
				CLANG_WARN_NON_LITERAL_NULL_CONVERSION = YES;
				CLANG_WARN_OBJC_LITERAL_CONVERSION = YES;
				CLANG_WARN_OBJC_ROOT_CLASS = YES_ERROR;
				CLANG_WARN_RANGE_LOOP_ANALYSIS = YES;
				CLANG_WARN_STRICT_PROTOTYPES = YES;
				CLANG_WARN_SUSPICIOUS_MOVE = YES;
				CLANG_WARN_UNGUARDED_AVAILABILITY = YES_AGGRESSIVE;
				CLANG_WARN_UNREACHABLE_CODE = YES;
				CLANG_WARN__DUPLICATE_METHOD_MATCH = YES;
				CODE_SIGN_IDENTITY = "iPhone Developer";
				COPY_PHASE_STRIP = NO;
				DEBUG_INFORMATION_FORMAT = "dwarf-with-dsym";
				ENABLE_NS_ASSERTIONS = NO;
				ENABLE_STRICT_OBJC_MSGSEND = YES;
				GCC_C_LANGUAGE_STANDARD = gnu11;
				GCC_NO_COMMON_BLOCKS = YES;
				GCC_WARN_64_TO_32_BIT_CONVERSION = YES;
				GCC_WARN_ABOUT_RETURN_TYPE = YES_ERROR;
				GCC_WARN_UNDECLARED_SELECTOR = YES;
				GCC_WARN_UNINITIALIZED_AUTOS = YES_AGGRESSIVE;
				GCC_WARN_UNUSED_FUNCTION = YES;
				GCC_WARN_UNUSED_VARIABLE = YES;
				IPHONEOS_DEPLOYMENT_TARGET = 11.1;
				MTL_ENABLE_DEBUG_INFO = NO;
				SDKROOT = iphoneos;
				SWIFT_OPTIMIZATION_LEVEL = "-Owholemodule";
				VALIDATE_PRODUCT = YES;
			};
			name = Release;
		};
		6357CE2B1FB5B1E0007E64D5 /* Debug */ = {
			isa = XCBuildConfiguration;
			buildSettings = {
				ASSETCATALOG_COMPILER_APPICON_NAME = AppIcon;
				CODE_SIGN_STYLE = Automatic;
				DEVELOPMENT_TEAM = M8D2DCWT9L;
				INFOPLIST_FILE = "$(SRCROOT)/Resources/Info.plist";
				IPHONEOS_DEPLOYMENT_TARGET = 11.1;
				LD_RUNPATH_SEARCH_PATHS = "$(inherited) @executable_path/Frameworks";
				PRODUCT_BUNDLE_IDENTIFIER = novus.logChart.Connect;
				PRODUCT_NAME = "$(TARGET_NAME)";
				SWIFT_VERSION = 4.0;
				TARGETED_DEVICE_FAMILY = "1,2";
			};
			name = Debug;
		};
		6357CE2C1FB5B1E0007E64D5 /* Release */ = {
			isa = XCBuildConfiguration;
			buildSettings = {
				ASSETCATALOG_COMPILER_APPICON_NAME = AppIcon;
				CODE_SIGN_STYLE = Automatic;
				DEVELOPMENT_TEAM = M8D2DCWT9L;
				INFOPLIST_FILE = "$(SRCROOT)/Resources/Info.plist";
				IPHONEOS_DEPLOYMENT_TARGET = 11.1;
				LD_RUNPATH_SEARCH_PATHS = "$(inherited) @executable_path/Frameworks";
				PRODUCT_BUNDLE_IDENTIFIER = novus.logChart.Connect;
				PRODUCT_NAME = "$(TARGET_NAME)";
				SWIFT_VERSION = 4.0;
				TARGETED_DEVICE_FAMILY = "1,2";
			};
			name = Release;
		};
/* End XCBuildConfiguration section */

/* Begin XCConfigurationList section */
		6357CE131FB5B1E0007E64D5 /* Build configuration list for PBXProject "Connect" */ = {
			isa = XCConfigurationList;
			buildConfigurations = (
				6357CE281FB5B1E0007E64D5 /* Debug */,
				6357CE291FB5B1E0007E64D5 /* Release */,
			);
			defaultConfigurationIsVisible = 0;
			defaultConfigurationName = Release;
		};
		6357CE2A1FB5B1E0007E64D5 /* Build configuration list for PBXNativeTarget "Connect" */ = {
			isa = XCConfigurationList;
			buildConfigurations = (
				6357CE2B1FB5B1E0007E64D5 /* Debug */,
				6357CE2C1FB5B1E0007E64D5 /* Release */,
			);
			defaultConfigurationIsVisible = 0;
			defaultConfigurationName = Release;
		};
/* End XCConfigurationList section */
	};
	rootObject = 6357CE101FB5B1E0007E64D5 /* Project object */;
}
